
Microsoft Visual Studio Solution File, Format Version 12.00
# Visual Studio Version 17
VisualStudioVersion = 17.3.32901.215
MinimumVisualStudioVersion = 10.0.40219.1
Project("{FAE04EC0-301F-11D3-BF4B-00C04F79EFBC}") = "RecapDemo1", "RecapDemo1\RecapDemo1.csproj", "{4576A923-5AB3-47D5-9758-AE7B6E33BF8B}"
EndProject
Global
	GlobalSection(SolutionConfigurationPlatforms) = preSolution
		Debug|Any CPU = Debug|Any CPU
		Release|Any CPU = Release|Any CPU
	EndGlobalSection
	GlobalSection(ProjectConfigurationPlatforms) = postSolution
		{4576A923-5AB3-47D5-9758-AE7B6E33BF8B}.Debug|Any CPU.ActiveCfg = Debug|Any CPU
		{4576A923-5AB3-47D5-9758-AE7B6E33BF8B}.Debug|Any CPU.Build.0 = Debug|Any CPU
		{4576A923-5AB3-47D5-9758-AE7B6E33BF8B}.Release|Any CPU.ActiveCfg = Release|Any CPU
		{4576A923-5AB3-47D5-9758-AE7B6E33BF8B}.Release|Any CPU.Build.0 = Release|Any CPU
	EndGlobalSection
	GlobalSection(SolutionProperties) = preSolution
		HideSolutionNode = FALSE
	EndGlobalSection
	GlobalSection(ExtensibilityGlobals) = postSolution
		SolutionGuid = {A69DF11D-C100-4F01-9584-C50CC259FEC4}
	EndGlobalSection
EndGlobal
